// !$*UTF8*$!
{
	archiveVersion = 1;
	classes = {
	};
	objectVersion = 50;
	objects = {

/* Begin PBXBuildFile section */
		CB43E38724DDD674007747BF /* SearchCell.swift in Sources */ = {isa = PBXBuildFile; fileRef = CB43E38524DDD674007747BF /* SearchCell.swift */; };
		CB43E38824DDD674007747BF /* SearchCell.xib in Resources */ = {isa = PBXBuildFile; fileRef = CB43E38624DDD674007747BF /* SearchCell.xib */; };
		CB5A3E5624D30030000C3CDF /* AppDelegate.swift in Sources */ = {isa = PBXBuildFile; fileRef = CB5A3E5524D30030000C3CDF /* AppDelegate.swift */; };
		CB5A3E5824D30030000C3CDF /* SceneDelegate.swift in Sources */ = {isa = PBXBuildFile; fileRef = CB5A3E5724D30030000C3CDF /* SceneDelegate.swift */; };
		CB5A3E5F24D30031000C3CDF /* Assets.xcassets in Resources */ = {isa = PBXBuildFile; fileRef = CB5A3E5E24D30031000C3CDF /* Assets.xcassets */; };
		CB5A3E6224D30031000C3CDF /* LaunchScreen.storyboard in Resources */ = {isa = PBXBuildFile; fileRef = CB5A3E6024D30031000C3CDF /* LaunchScreen.storyboard */; };
		CB5A3E6D24D31CC2000C3CDF /* TabBarController.swift in Sources */ = {isa = PBXBuildFile; fileRef = CB5A3E6C24D31CC2000C3CDF /* TabBarController.swift */; };
		CB5A3E6F24D340A3000C3CDF /* ViewController.swift in Sources */ = {isa = PBXBuildFile; fileRef = CB5A3E6E24D340A3000C3CDF /* ViewController.swift */; };
		CBCF9A1824D345CE0012935A /* HomeVC.swift in Sources */ = {isa = PBXBuildFile; fileRef = CBCF9A1624D345CE0012935A /* HomeVC.swift */; };
		CBCF9A1924D345CE0012935A /* HomeVC.xib in Resources */ = {isa = PBXBuildFile; fileRef = CBCF9A1724D345CE0012935A /* HomeVC.xib */; };
		CBCF9A1B24D35A360012935A /* DataParser.swift in Sources */ = {isa = PBXBuildFile; fileRef = CBCF9A1A24D35A360012935A /* DataParser.swift */; };
		CBCF9A1D24D35AF90012935A /* DataResult.swift in Sources */ = {isa = PBXBuildFile; fileRef = CBCF9A1C24D35AF90012935A /* DataResult.swift */; };
		CBCF9A2024D4B54C0012935A /* HomeViewCell.swift in Sources */ = {isa = PBXBuildFile; fileRef = CBCF9A1E24D4B54C0012935A /* HomeViewCell.swift */; };
		CBCF9A2124D4B54C0012935A /* HomeViewCell.xib in Resources */ = {isa = PBXBuildFile; fileRef = CBCF9A1F24D4B54C0012935A /* HomeViewCell.xib */; };
		CBCF9A2424D4B6250012935A /* UserCollectionCell.swift in Sources */ = {isa = PBXBuildFile; fileRef = CBCF9A2224D4B6250012935A /* UserCollectionCell.swift */; };
		CBCF9A2524D4B6250012935A /* UserCollectionCell.xib in Resources */ = {isa = PBXBuildFile; fileRef = CBCF9A2324D4B6250012935A /* UserCollectionCell.xib */; };
		CBCF9A2724D4C52D0012935A /* extension+UIImageView.swift in Sources */ = {isa = PBXBuildFile; fileRef = CBCF9A2624D4C52D0012935A /* extension+UIImageView.swift */; };
		CBE07E7624DC8CDA008E9FA2 /* SearchController.swift in Sources */ = {isa = PBXBuildFile; fileRef = CBE07E7424DC8CDA008E9FA2 /* SearchController.swift */; };
		CBE07E7724DC8CDA008E9FA2 /* SearchController.xib in Resources */ = {isa = PBXBuildFile; fileRef = CBE07E7524DC8CDA008E9FA2 /* SearchController.xib */; };
/* End PBXBuildFile section */

/* Begin PBXFileReference section */
		CB43E38524DDD674007747BF /* SearchCell.swift */ = {isa = PBXFileReference; lastKnownFileType = sourcecode.swift; path = SearchCell.swift; sourceTree = "<group>"; };
		CB43E38624DDD674007747BF /* SearchCell.xib */ = {isa = PBXFileReference; lastKnownFileType = file.xib; path = SearchCell.xib; sourceTree = "<group>"; };
		CB5A3E5224D30030000C3CDF /* EmailCloneApp.app */ = {isa = PBXFileReference; explicitFileType = wrapper.application; includeInIndex = 0; path = EmailCloneApp.app; sourceTree = BUILT_PRODUCTS_DIR; };
		CB5A3E5524D30030000C3CDF /* AppDelegate.swift */ = {isa = PBXFileReference; lastKnownFileType = sourcecode.swift; path = AppDelegate.swift; sourceTree = "<group>"; };
		CB5A3E5724D30030000C3CDF /* SceneDelegate.swift */ = {isa = PBXFileReference; lastKnownFileType = sourcecode.swift; path = SceneDelegate.swift; sourceTree = "<group>"; };
		CB5A3E5E24D30031000C3CDF /* Assets.xcassets */ = {isa = PBXFileReference; lastKnownFileType = folder.assetcatalog; path = Assets.xcassets; sourceTree = "<group>"; };
		CB5A3E6124D30031000C3CDF /* Base */ = {isa = PBXFileReference; lastKnownFileType = file.storyboard; name = Base; path = Base.lproj/LaunchScreen.storyboard; sourceTree = "<group>"; };
		CB5A3E6324D30031000C3CDF /* Info.plist */ = {isa = PBXFileReference; lastKnownFileType = text.plist.xml; path = Info.plist; sourceTree = "<group>"; };
		CB5A3E6C24D31CC2000C3CDF /* TabBarController.swift */ = {isa = PBXFileReference; lastKnownFileType = sourcecode.swift; path = TabBarController.swift; sourceTree = "<group>"; };
		CB5A3E6E24D340A3000C3CDF /* ViewController.swift */ = {isa = PBXFileReference; lastKnownFileType = sourcecode.swift; path = ViewController.swift; sourceTree = "<group>"; };
		CBCF9A1624D345CE0012935A /* HomeVC.swift */ = {isa = PBXFileReference; lastKnownFileType = sourcecode.swift; path = HomeVC.swift; sourceTree = "<group>"; };
		CBCF9A1724D345CE0012935A /* HomeVC.xib */ = {isa = PBXFileReference; lastKnownFileType = file.xib; path = HomeVC.xib; sourceTree = "<group>"; };
		CBCF9A1A24D35A360012935A /* DataParser.swift */ = {isa = PBXFileReference; lastKnownFileType = sourcecode.swift; path = DataParser.swift; sourceTree = "<group>"; };
		CBCF9A1C24D35AF90012935A /* DataResult.swift */ = {isa = PBXFileReference; lastKnownFileType = sourcecode.swift; path = DataResult.swift; sourceTree = "<group>"; };
		CBCF9A1E24D4B54C0012935A /* HomeViewCell.swift */ = {isa = PBXFileReference; lastKnownFileType = sourcecode.swift; path = HomeViewCell.swift; sourceTree = "<group>"; };
		CBCF9A1F24D4B54C0012935A /* HomeViewCell.xib */ = {isa = PBXFileReference; lastKnownFileType = file.xib; path = HomeViewCell.xib; sourceTree = "<group>"; };
		CBCF9A2224D4B6250012935A /* UserCollectionCell.swift */ = {isa = PBXFileReference; lastKnownFileType = sourcecode.swift; path = UserCollectionCell.swift; sourceTree = "<group>"; };
		CBCF9A2324D4B6250012935A /* UserCollectionCell.xib */ = {isa = PBXFileReference; lastKnownFileType = file.xib; path = UserCollectionCell.xib; sourceTree = "<group>"; };
		CBCF9A2624D4C52D0012935A /* extension+UIImageView.swift */ = {isa = PBXFileReference; lastKnownFileType = sourcecode.swift; path = "extension+UIImageView.swift"; sourceTree = "<group>"; };
		CBE07E7424DC8CDA008E9FA2 /* SearchController.swift */ = {isa = PBXFileReference; lastKnownFileType = sourcecode.swift; path = SearchController.swift; sourceTree = "<group>"; };
		CBE07E7524DC8CDA008E9FA2 /* SearchController.xib */ = {isa = PBXFileReference; lastKnownFileType = file.xib; path = SearchController.xib; sourceTree = "<group>"; };
/* End PBXFileReference section */

/* Begin PBXFrameworksBuildPhase section */
		CB5A3E4F24D30030000C3CDF /* Frameworks */ = {
			isa = PBXFrameworksBuildPhase;
			buildActionMask = 2147483647;
			files = (
			);
			runOnlyForDeploymentPostprocessing = 0;
		};
/* End PBXFrameworksBuildPhase section */

/* Begin PBXGroup section */
		CB5A3E4924D30030000C3CDF = {
			isa = PBXGroup;
			children = (
				CB5A3E5424D30030000C3CDF /* EmailCloneApp */,
				CB5A3E5324D30030000C3CDF /* Products */,
			);
			sourceTree = "<group>";
		};
		CB5A3E5324D30030000C3CDF /* Products */ = {
			isa = PBXGroup;
			children = (
				CB5A3E5224D30030000C3CDF /* EmailCloneApp.app */,
			);
			name = Products;
			sourceTree = "<group>";
		};
		CB5A3E5424D30030000C3CDF /* EmailCloneApp */ = {
			isa = PBXGroup;
			children = (
				CB5A3E6B24D31C8B000C3CDF /* Model */,
				CB5A3E6A24D31C82000C3CDF /* View */,
				CB5A3E6924D31C73000C3CDF /* Controller */,
				CB5A3E5524D30030000C3CDF /* AppDelegate.swift */,
				CB5A3E5724D30030000C3CDF /* SceneDelegate.swift */,
				CB5A3E5E24D30031000C3CDF /* Assets.xcassets */,
				CB5A3E6024D30031000C3CDF /* LaunchScreen.storyboard */,
				CB5A3E6324D30031000C3CDF /* Info.plist */,
			);
			path = EmailCloneApp;
			sourceTree = "<group>";
		};
		CB5A3E6924D31C73000C3CDF /* Controller */ = {
			isa = PBXGroup;
			children = (
				CB5A3E6C24D31CC2000C3CDF /* TabBarController.swift */,
				CB5A3E6E24D340A3000C3CDF /* ViewController.swift */,
				CBCF9A1624D345CE0012935A /* HomeVC.swift */,
				CBCF9A1724D345CE0012935A /* HomeVC.xib */,
				CBE07E7424DC8CDA008E9FA2 /* SearchController.swift */,
				CBE07E7524DC8CDA008E9FA2 /* SearchController.xib */,
			);
			path = Controller;
			sourceTree = "<group>";
		};
		CB5A3E6A24D31C82000C3CDF /* View */ = {
			isa = PBXGroup;
			children = (
				CBCF9A1E24D4B54C0012935A /* HomeViewCell.swift */,
				CBCF9A1F24D4B54C0012935A /* HomeViewCell.xib */,
				CBCF9A2224D4B6250012935A /* UserCollectionCell.swift */,
				CBCF9A2324D4B6250012935A /* UserCollectionCell.xib */,
				CBCF9A2624D4C52D0012935A /* extension+UIImageView.swift */,
				CB43E38524DDD674007747BF /* SearchCell.swift */,
				CB43E38624DDD674007747BF /* SearchCell.xib */,
			);
			path = View;
			sourceTree = "<group>";
		};
		CB5A3E6B24D31C8B000C3CDF /* Model */ = {
			isa = PBXGroup;
			children = (
				CBCF9A1A24D35A360012935A /* DataParser.swift */,
				CBCF9A1C24D35AF90012935A /* DataResult.swift */,
			);
			path = Model;
			sourceTree = "<group>";
		};
/* End PBXGroup section */

/* Begin PBXNativeTarget section */
		CB5A3E5124D30030000C3CDF /* EmailCloneApp */ = {
			isa = PBXNativeTarget;
			buildConfigurationList = CB5A3E6624D30031000C3CDF /* Build configuration list for PBXNativeTarget "EmailCloneApp" */;
			buildPhases = (
				CB5A3E4E24D30030000C3CDF /* Sources */,
				CB5A3E4F24D30030000C3CDF /* Frameworks */,
				CB5A3E5024D30030000C3CDF /* Resources */,
			);
			buildRules = (
			);
			dependencies = (
			);
			name = EmailCloneApp;
			productName = EmailCloneApp;
			productReference = CB5A3E5224D30030000C3CDF /* EmailCloneApp.app */;
			productType = "com.apple.product-type.application";
		};
/* End PBXNativeTarget section */

/* Begin PBXProject section */
		CB5A3E4A24D30030000C3CDF /* Project object */ = {
			isa = PBXProject;
			attributes = {
				LastSwiftUpdateCheck = 1130;
				LastUpgradeCheck = 1130;
				ORGANIZATIONNAME = "Anas Riahi";
				TargetAttributes = {
					CB5A3E5124D30030000C3CDF = {
						CreatedOnToolsVersion = 11.3.1;
					};
				};
			};
			buildConfigurationList = CB5A3E4D24D30030000C3CDF /* Build configuration list for PBXProject "EmailCloneApp" */;
			compatibilityVersion = "Xcode 9.3";
			developmentRegion = en;
			hasScannedForEncodings = 0;
			knownRegions = (
				en,
				Base,
			);
			mainGroup = CB5A3E4924D30030000C3CDF;
			productRefGroup = CB5A3E5324D30030000C3CDF /* Products */;
			projectDirPath = "";
			projectRoot = "";
			targets = (
				CB5A3E5124D30030000C3CDF /* EmailCloneApp */,
			);
		};
/* End PBXProject section */

/* Begin PBXResourcesBuildPhase section */
		CB5A3E5024D30030000C3CDF /* Resources */ = {
			isa = PBXResourcesBuildPhase;
			buildActionMask = 2147483647;
			files = (
				CBCF9A2524D4B6250012935A /* UserCollectionCell.xib in Resources */,
				CBE07E7724DC8CDA008E9FA2 /* SearchController.xib in Resources */,
				CB5A3E6224D30031000C3CDF /* LaunchScreen.storyboard in Resources */,
				CBCF9A2124D4B54C0012935A /* HomeViewCell.xib in Resources */,
				CB43E38824DDD674007747BF /* SearchCell.xib in Resources */,
				CBCF9A1924D345CE0012935A /* HomeVC.xib in Resources */,
				CB5A3E5F24D30031000C3CDF /* Assets.xcassets in Resources */,
			);
			runOnlyForDeploymentPostprocessing = 0;
		};
/* End PBXResourcesBuildPhase section */

/* Begin PBXSourcesBuildPhase section */
		CB5A3E4E24D30030000C3CDF /* Sources */ = {
			isa = PBXSourcesBuildPhase;
			buildActionMask = 2147483647;
			files = (
				CB5A3E6D24D31CC2000C3CDF /* TabBarController.swift in Sources */,
				CB43E38724DDD674007747BF /* SearchCell.swift in Sources */,
				CBCF9A2024D4B54C0012935A /* HomeViewCell.swift in Sources */,
				CBCF9A1824D345CE0012935A /* HomeVC.swift in Sources */,
				CBCF9A1B24D35A360012935A /* DataParser.swift in Sources */,
				CB5A3E5624D30030000C3CDF /* AppDelegate.swift in Sources */,
				CB5A3E6F24D340A3000C3CDF /* ViewController.swift in Sources */,
				CBCF9A2424D4B6250012935A /* UserCollectionCell.swift in Sources */,
				CB5A3E5824D30030000C3CDF /* SceneDelegate.swift in Sources */,
				CBE07E7624DC8CDA008E9FA2 /* SearchController.swift in Sources */,
				CBCF9A2724D4C52D0012935A /* extension+UIImageView.swift in Sources */,
				CBCF9A1D24D35AF90012935A /* DataResult.swift in Sources */,
			);
			runOnlyForDeploymentPostprocessing = 0;
		};
/* End PBXSourcesBuildPhase section */

/* Begin PBXVariantGroup section */
		CB5A3E6024D30031000C3CDF /* LaunchScreen.storyboard */ = {
			isa = PBXVariantGroup;
			children = (
				CB5A3E6124D30031000C3CDF /* Base */,
			);
			name = LaunchScreen.storyboard;
			sourceTree = "<group>";
		};
/* End PBXVariantGroup section */

/* Begin XCBuildConfiguration section */
		CB5A3E6424D30031000C3CDF /* Debug */ = {
			isa = XCBuildConfiguration;
			buildSettings = {
				ALWAYS_SEARCH_USER_PATHS = NO;
				CLANG_ANALYZER_NONNULL = YES;
				CLANG_ANALYZER_NUMBER_OBJECT_CONVERSION = YES_AGGRESSIVE;
				CLANG_CXX_LANGUAGE_STANDARD = "gnu++14";
				CLANG_CXX_LIBRARY = "libc++";
				CLANG_ENABLE_MODULES = YES;
				CLANG_ENABLE_OBJC_ARC = YES;
				CLANG_ENABLE_OBJC_WEAK = YES;
				CLANG_WARN_BLOCK_CAPTURE_AUTORELEASING = YES;
				CLANG_WARN_BOOL_CONVERSION = YES;
				CLANG_WARN_COMMA = YES;
				CLANG_WARN_CONSTANT_CONVERSION = YES;
				CLANG_WARN_DEPRECATED_OBJC_IMPLEMENTATIONS = YES;
				CLANG_WARN_DIRECT_OBJC_ISA_USAGE = YES_ERROR;
				CLANG_WARN_DOCUMENTATION_COMMENTS = YES;
				CLANG_WARN_EMPTY_BODY = YES;
				CLANG_WARN_ENUM_CONVERSION = YES;
				CLANG_WARN_INFINITE_RECURSION = YES;
				CLANG_WARN_INT_CONVERSION = YES;
				CLANG_WARN_NON_LITERAL_NULL_CONVERSION = YES;
				CLANG_WARN_OBJC_IMPLICIT_RETAIN_SELF = YES;
				CLANG_WARN_OBJC_LITERAL_CONVERSION = YES;
				CLANG_WARN_OBJC_ROOT_CLASS = YES_ERROR;
				CLANG_WARN_RANGE_LOOP_ANALYSIS = YES;
				CLANG_WARN_STRICT_PROTOTYPES = YES;
				CLANG_WARN_SUSPICIOUS_MOVE = YES;
				CLANG_WARN_UNGUARDED_AVAILABILITY = YES_AGGRESSIVE;
				CLANG_WARN_UNREACHABLE_CODE = YES;
				CLANG_WARN__DUPLICATE_METHOD_MATCH = YES;
				COPY_PHASE_STRIP = NO;
				DEBUG_INFORMATION_FORMAT = dwarf;
				ENABLE_STRICT_OBJC_MSGSEND = YES;
				ENABLE_TESTABILITY = YES;
				GCC_C_LANGUAGE_STANDARD = gnu11;
				GCC_DYNAMIC_NO_PIC = NO;
				GCC_NO_COMMON_BLOCKS = YES;
				GCC_OPTIMIZATION_LEVEL = 0;
				GCC_PREPROCESSOR_DEFINITIONS = (
					"DEBUG=1",
					"$(inherited)",
				);
				GCC_WARN_64_TO_32_BIT_CONVERSION = YES;
				GCC_WARN_ABOUT_RETURN_TYPE = YES_ERROR;
				GCC_WARN_UNDECLARED_SELECTOR = YES;
				GCC_WARN_UNINITIALIZED_AUTOS = YES_AGGRESSIVE;
				GCC_WARN_UNUSED_FUNCTION = YES;
				GCC_WARN_UNUSED_VARIABLE = YES;
				IPHONEOS_DEPLOYMENT_TARGET = 13.2;
				MTL_ENABLE_DEBUG_INFO = INCLUDE_SOURCE;
				MTL_FAST_MATH = YES;
				ONLY_ACTIVE_ARCH = YES;
				SDKROOT = iphoneos;
				SWIFT_ACTIVE_COMPILATION_CONDITIONS = DEBUG;
				SWIFT_OPTIMIZATION_LEVEL = "-Onone";
			};
			name = Debug;
		};
		CB5A3E6524D30031000C3CDF /* Release */ = {
			isa = XCBuildConfiguration;
			buildSettings = {
				ALWAYS_SEARCH_USER_PATHS = NO;
				CLANG_ANALYZER_NONNULL = YES;
				CLANG_ANALYZER_NUMBER_OBJECT_CONVERSION = YES_AGGRESSIVE;
				CLANG_CXX_LANGUAGE_STANDARD = "gnu++14";
				CLANG_CXX_LIBRARY = "libc++";
				CLANG_ENABLE_MODULES = YES;
				CLANG_ENABLE_OBJC_ARC = YES;
				CLANG_ENABLE_OBJC_WEAK = YES;
				CLANG_WARN_BLOCK_CAPTURE_AUTORELEASING = YES;
				CLANG_WARN_BOOL_CONVERSION = YES;
				CLANG_WARN_COMMA = YES;
				CLANG_WARN_CONSTANT_CONVERSION = YES;
				CLANG_WARN_DEPRECATED_OBJC_IMPLEMENTATIONS = YES;
				CLANG_WARN_DIRECT_OBJC_ISA_USAGE = YES_ERROR;
				CLANG_WARN_DOCUMENTATION_COMMENTS = YES;
				CLANG_WARN_EMPTY_BODY = YES;
				CLANG_WARN_ENUM_CONVERSION = YES;
				CLANG_WARN_INFINITE_RECURSION = YES;
				CLANG_WARN_INT_CONVERSION = YES;
				CLANG_WARN_NON_LITERAL_NULL_CONVERSION = YES;
				CLANG_WARN_OBJC_IMPLICIT_RETAIN_SELF = YES;
				CLANG_WARN_OBJC_LITERAL_CONVERSION = YES;
				CLANG_WARN_OBJC_ROOT_CLASS = YES_ERROR;
				CLANG_WARN_RANGE_LOOP_ANALYSIS = YES;
				CLANG_WARN_STRICT_PROTOTYPES = YES;
				CLANG_WARN_SUSPICIOUS_MOVE = YES;
				CLANG_WARN_UNGUARDED_AVAILABILITY = YES_AGGRESSIVE;
				CLANG_WARN_UNREACHABLE_CODE = YES;
				CLANG_WARN__DUPLICATE_METHOD_MATCH = YES;
				COPY_PHASE_STRIP = NO;
				DEBUG_INFORMATION_FORMAT = "dwarf-with-dsym";
				ENABLE_NS_ASSERTIONS = NO;
				ENABLE_STRICT_OBJC_MSGSEND = YES;
				GCC_C_LANGUAGE_STANDARD = gnu11;
				GCC_NO_COMMON_BLOCKS = YES;
				GCC_WARN_64_TO_32_BIT_CONVERSION = YES;
				GCC_WARN_ABOUT_RETURN_TYPE = YES_ERROR;
				GCC_WARN_UNDECLARED_SELECTOR = YES;
				GCC_WARN_UNINITIALIZED_AUTOS = YES_AGGRESSIVE;
				GCC_WARN_UNUSED_FUNCTION = YES;
				GCC_WARN_UNUSED_VARIABLE = YES;
				IPHONEOS_DEPLOYMENT_TARGET = 13.2;
				MTL_ENABLE_DEBUG_INFO = NO;
				MTL_FAST_MATH = YES;
				SDKROOT = iphoneos;
				SWIFT_COMPILATION_MODE = wholemodule;
				SWIFT_OPTIMIZATION_LEVEL = "-O";
				VALIDATE_PRODUCT = YES;
			};
			name = Release;
		};
		CB5A3E6724D30031000C3CDF /* Debug */ = {
			isa = XCBuildConfiguration;
			buildSettings = {
				ASSETCATALOG_COMPILER_APPICON_NAME = AppIcon;
				CODE_SIGN_STYLE = Automatic;
				DEVELOPMENT_TEAM = 8SD48UYF32;
				INFOPLIST_FILE = EmailCloneApp/Info.plist;
				LD_RUNPATH_SEARCH_PATHS = (
					"$(inherited)",
					"@executable_path/Frameworks",
				);
				PRODUCT_BUNDLE_IDENTIFIER = com.riahi.EmailCloneApp;
				PRODUCT_NAME = "$(TARGET_NAME)";
				SWIFT_VERSION = 5.0;
				TARGETED_DEVICE_FAMILY = "1,2";
			};
			name = Debug;
		};
		CB5A3E6824D30031000C3CDF /* Release */ = {
			isa = XCBuildConfiguration;
			buildSettings = {
				ASSETCATALOG_COMPILER_APPICON_NAME = AppIcon;
				CODE_SIGN_STYLE = Automatic;
				DEVELOPMENT_TEAM = 8SD48UYF32;
				INFOPLIST_FILE = EmailCloneApp/Info.plist;
				LD_RUNPATH_SEARCH_PATHS = (
					"$(inherited)",
					"@executable_path/Frameworks",
				);
				PRODUCT_BUNDLE_IDENTIFIER = com.riahi.EmailCloneApp;
				PRODUCT_NAME = "$(TARGET_NAME)";
				SWIFT_VERSION = 5.0;
				TARGETED_DEVICE_FAMILY = "1,2";
			};
			name = Release;
		};
/* End XCBuildConfiguration section */

/* Begin XCConfigurationList section */
		CB5A3E4D24D30030000C3CDF /* Build configuration list for PBXProject "EmailCloneApp" */ = {
			isa = XCConfigurationList;
			buildConfigurations = (
				CB5A3E6424D30031000C3CDF /* Debug */,
				CB5A3E6524D30031000C3CDF /* Release */,
			);
			defaultConfigurationIsVisible = 0;
			defaultConfigurationName = Release;
		};
		CB5A3E6624D30031000C3CDF /* Build configuration list for PBXNativeTarget "EmailCloneApp" */ = {
			isa = XCConfigurationList;
			buildConfigurations = (
				CB5A3E6724D30031000C3CDF /* Debug */,
				CB5A3E6824D30031000C3CDF /* Release */,
			);
			defaultConfigurationIsVisible = 0;
			defaultConfigurationName = Release;
		};
/* End XCConfigurationList section */
	};
	rootObject = CB5A3E4A24D30030000C3CDF /* Project object */;
}
